# This file is automatically @generated by Cargo.
# It is not intended for manual editing.
version = 3

[[package]]
name = "bitflags"
version = "2.4.1"
source = "registry+https://github.com/rust-lang/crates.io-index"
checksum = "327762f6e5a765692301e5bb513e0d9fef63be86bbc14528052b1cd3e6f03e07"

[[package]]
name = "byteorder"
version = "1.5.0"
source = "registry+https://github.com/rust-lang/crates.io-index"
checksum = "1fd0f2584146f6f2ef48085050886acf353beff7305ebd1ae69500e27c67f64b"

[[package]]
name = "cfg-if"
version = "1.0.0"
source = "registry+https://github.com/rust-lang/crates.io-index"
checksum = "baf1de4339761588bc0619e3cbc0120ee582ebb74b53b4efbf79117bd2da40fd"

[[package]]
name = "ctrlc"
version = "3.4.1"
source = "registry+https://github.com/rust-lang/crates.io-index"
checksum = "82e95fbd621905b854affdc67943b043a0fbb6ed7385fd5a25650d19a8a6cfdf"
dependencies = [
 "nix",
 "windows-sys",
]

[[package]]
name = "fuser"
version = "0.14.0"
source = "registry+https://github.com/rust-lang/crates.io-index"
checksum = "2e697f6f62c20b6fad1ba0f84ae909f25971cf16e735273524e3977c94604cf8"
dependencies = [
 "libc",
 "log",
 "memchr",
 "page_size",
 "pkg-config",
 "smallvec",
 "zerocopy",
]

[[package]]
name = "libc"
version = "0.2.149"
source = "registry+https://github.com/rust-lang/crates.io-index"
checksum = "a08173bc88b7955d1b3145aa561539096c421ac8debde8cbc3612ec635fee29b"

[[package]]
name = "log"
version = "0.4.20"
source = "registry+https://github.com/rust-lang/crates.io-index"
checksum = "b5e6163cb8c49088c2c36f57875e58ccd8c87c7427f7fbd50ea6710b2f3f2e8f"

[[package]]
name = "memchr"
version = "2.6.4"
source = "registry+https://github.com/rust-lang/crates.io-index"
checksum = "f665ee40bc4a3c5590afb1e9677db74a508659dfd71e126420da8274909a0167"

[[package]]
name = "mfsr"
version = "0.1.0"
dependencies = [
 "ctrlc",
 "fuser",
 "libc",
 "serde",
]

[[package]]
name = "nix"
version = "0.27.1"
source = "registry+https://github.com/rust-lang/crates.io-index"
checksum = "2eb04e9c688eff1c89d72b407f168cf79bb9e867a9d3323ed6c01519eb9cc053"
dependencies = [
 "bitflags",
 "cfg-if",
 "libc",
]

[[package]]
name = "page_size"
version = "0.6.0"
source = "registry+https://github.com/rust-lang/crates.io-index"
checksum = "30d5b2194ed13191c1999ae0704b7839fb18384fa22e49b57eeaa97d79ce40da"
dependencies = [
 "libc",
 "winapi",
]

[[package]]
name = "pkg-config"
version = "0.3.27"
source = "registry+https://github.com/rust-lang/crates.io-index"
checksum = "26072860ba924cbfa98ea39c8c19b4dd6a4a25423dbdf219c1eca91aa0cf6964"

[[package]]
name = "proc-macro2"
version = "1.0.69"
source = "registry+https://github.com/rust-lang/crates.io-index"
checksum = "134c189feb4956b20f6f547d2cf727d4c0fe06722b20a0eec87ed445a97f92da"
dependencies = [
 "unicode-ident",
]

[[package]]
name = "quote"
version = "1.0.33"
source = "registry+https://github.com/rust-lang/crates.io-index"
checksum = "5267fca4496028628a95160fc423a33e8b2e6af8a5302579e322e4b520293cae"
dependencies = [
 "proc-macro2",
]

[[package]]
name = "serde"
version = "1.0.190"
source = "registry+https://github.com/rust-lang/crates.io-index"
checksum = "91d3c334ca1ee894a2c6f6ad698fe8c435b76d504b13d436f0685d648d6d96f7"
dependencies = [
 "serde_derive",
]

[[package]]
name = "serde_derive"
version = "1.0.190"
source = "registry+https://github.com/rust-lang/crates.io-index"
checksum = "67c5609f394e5c2bd7fc51efda478004ea80ef42fee983d5c67a65e34f32c0e3"
dependencies = [
 "proc-macro2",
 "quote",
 "syn",
]

[[package]]
name = "smallvec"
version = "1.11.1"
source = "registry+https://github.com/rust-lang/crates.io-index"
checksum = "942b4a808e05215192e39f4ab80813e599068285906cc91aa64f923db842bd5a"

[[package]]
name = "syn"
version = "2.0.38"
source = "registry+https://github.com/rust-lang/crates.io-index"
checksum = "e96b79aaa137db8f61e26363a0c9b47d8b4ec75da28b7d1d614c2303e232408b"
dependencies = [
 "proc-macro2",
 "quote",
 "unicode-ident",
]

[[package]]
name = "unicode-ident"
version = "1.0.12"
source = "registry+https://github.com/rust-lang/crates.io-index"
checksum = "3354b9ac3fae1ff6755cb6db53683adb661634f67557942dea4facebec0fee4b"

[[package]]
name = "winapi"
version = "0.3.9"
source = "registry+https://github.com/rust-lang/crates.io-index"
checksum = "5c839a674fcd7a98952e593242ea400abe93992746761e38641405d28b00f419"
dependencies = [
 "winapi-i686-pc-windows-gnu",
 "winapi-x86_64-pc-windows-gnu",
]

[[package]]
name = "winapi-i686-pc-windows-gnu"
version = "0.4.0"
source = "registry+https://github.com/rust-lang/crates.io-index"
checksum = "ac3b87c63620426dd9b991e5ce0329eff545bccbbb34f3be09ff6fb6ab51b7b6"

[[package]]
name = "winapi-x86_64-pc-windows-gnu"
version = "0.4.0"
source = "registry+https://github.com/rust-lang/crates.io-index"
checksum = "712e227841d057c1ee1cd2fb22fa7e5a5461ae8e48fa2ca79ec42cfc1931183f"

[[package]]
name = "windows-sys"
version = "0.48.0"
source = "registry+https://github.com/rust-lang/crates.io-index"
checksum = "677d2418bec65e3338edb076e806bc1ec15693c5d0104683f2efe857f61056a9"
dependencies = [
 "windows-targets",
]

[[package]]
name = "windows-targets"
version = "0.48.5"
source = "registry+https://github.com/rust-lang/crates.io-index"
checksum = "9a2fa6e2155d7247be68c096456083145c183cbbbc2764150dda45a87197940c"
dependencies = [
 "windows_aarch64_gnullvm",
 "windows_aarch64_msvc",
 "windows_i686_gnu",
 "windows_i686_msvc",
 "windows_x86_64_gnu",
 "windows_x86_64_gnullvm",
 "windows_x86_64_msvc",
]

[[package]]
name = "windows_aarch64_gnullvm"
version = "0.48.5"
source = "registry+https://github.com/rust-lang/crates.io-index"
checksum = "2b38e32f0abccf9987a4e3079dfb67dcd799fb61361e53e2882c3cbaf0d905d8"

[[package]]
name = "windows_aarch64_msvc"
version = "0.48.5"
source = "registry+https://github.com/rust-lang/crates.io-index"
checksum = "dc35310971f3b2dbbf3f0690a219f40e2d9afcf64f9ab7cc1be722937c26b4bc"

[[package]]
name = "windows_i686_gnu"
version = "0.48.5"
source = "registry+https://github.com/rust-lang/crates.io-index"
checksum = "a75915e7def60c94dcef72200b9a8e58e5091744960da64ec734a6c6e9b3743e"

[[package]]
name = "windows_i686_msvc"
version = "0.48.5"
source = "registry+https://github.com/rust-lang/crates.io-index"
checksum = "8f55c233f70c4b27f66c523580f78f1004e8b5a8b659e05a4eb49d4166cca406"

[[package]]
name = "windows_x86_64_gnu"
version = "0.48.5"
source = "registry+https://github.com/rust-lang/crates.io-index"
checksum = "53d40abd2583d23e4718fddf1ebec84dbff8381c07cae67ff7768bbf19c6718e"

[[package]]
name = "windows_x86_64_gnullvm"
version = "0.48.5"
source = "registry+https://github.com/rust-lang/crates.io-index"
checksum = "0b7b52767868a23d5bab768e390dc5f5c55825b6d30b86c844ff2dc7414044cc"

[[package]]
name = "windows_x86_64_msvc"
version = "0.48.5"
source = "registry+https://github.com/rust-lang/crates.io-index"
checksum = "ed94fce61571a4006852b7389a063ab983c02eb1bb37b47f8272ce92d06d9538"

[[package]]
name = "zerocopy"
version = "0.7.25"
source = "registry+https://github.com/rust-lang/crates.io-index"
checksum = "8cd369a67c0edfef15010f980c3cbe45d7f651deac2cd67ce097cd801de16557"
dependencies = [
 "byteorder",
 "zerocopy-derive",
]

[[package]]
name = "zerocopy-derive"
version = "0.7.25"
source = "registry+https://github.com/rust-lang/crates.io-index"
checksum = "c2f140bda219a26ccc0cdb03dba58af72590c53b22642577d88a927bc5c87d6b"
dependencies = [
 "proc-macro2",
 "quote",
 "syn",
]
